
Microsoft Visual Studio Solution File, Format Version 12.00
# Visual Studio Version 16
VisualStudioVersion = 16.0.30907.101
MinimumVisualStudioVersion = 10.0.40219.1
Project("{9A19103F-16F7-4668-BE54-9A1E7A4F7556}") = "FormSystem.Web", "FormSystem.Web\FormSystem.Web.csproj", "{4329F1F0-5640-4675-8A57-3BE48A5786C1}"
EndProject
Project("{9A19103F-16F7-4668-BE54-9A1E7A4F7556}") = "FormSystem.DataLayer", "FormSystem.DataLayer\FormSystem.DataLayer.csproj", "{7EAAA2ED-F1AD-4B02-A3D3-280484AA1093}"
EndProject
Project("{FAE04EC0-301F-11D3-BF4B-00C04F79EFBC}") = "FormSystem.BusinessLayer", "FormSystem.BusinessLayer\FormSystem.BusinessLayer.csproj", "{63A59F92-52FD-4F2D-AF4B-A9C147030630}"
EndProject
Global
	GlobalSection(SolutionConfigurationPlatforms) = preSolution
		Debug|Any CPU = Debug|Any CPU
		Release|Any CPU = Release|Any CPU
	EndGlobalSection
	GlobalSection(ProjectConfigurationPlatforms) = postSolution
		{4329F1F0-5640-4675-8A57-3BE48A5786C1}.Debug|Any CPU.ActiveCfg = Debug|Any CPU
		{4329F1F0-5640-4675-8A57-3BE48A5786C1}.Debug|Any CPU.Build.0 = Debug|Any CPU
		{4329F1F0-5640-4675-8A57-3BE48A5786C1}.Release|Any CPU.ActiveCfg = Release|Any CPU
		{4329F1F0-5640-4675-8A57-3BE48A5786C1}.Release|Any CPU.Build.0 = Release|Any CPU
		{7EAAA2ED-F1AD-4B02-A3D3-280484AA1093}.Debug|Any CPU.ActiveCfg = Debug|Any CPU
		{7EAAA2ED-F1AD-4B02-A3D3-280484AA1093}.Debug|Any CPU.Build.0 = Debug|Any CPU
		{7EAAA2ED-F1AD-4B02-A3D3-280484AA1093}.Release|Any CPU.ActiveCfg = Release|Any CPU
		{7EAAA2ED-F1AD-4B02-A3D3-280484AA1093}.Release|Any CPU.Build.0 = Release|Any CPU
		{63A59F92-52FD-4F2D-AF4B-A9C147030630}.Debug|Any CPU.ActiveCfg = Debug|Any CPU
		{63A59F92-52FD-4F2D-AF4B-A9C147030630}.Debug|Any CPU.Build.0 = Debug|Any CPU
		{63A59F92-52FD-4F2D-AF4B-A9C147030630}.Release|Any CPU.ActiveCfg = Release|Any CPU
		{63A59F92-52FD-4F2D-AF4B-A9C147030630}.Release|Any CPU.Build.0 = Release|Any CPU
	EndGlobalSection
	GlobalSection(SolutionProperties) = preSolution
		HideSolutionNode = FALSE
	EndGlobalSection
	GlobalSection(ExtensibilityGlobals) = postSolution
		SolutionGuid = {154E2614-F712-4798-985D-9E0DAD40D44B}
	EndGlobalSection
EndGlobal
